<?xml version="1.0" encoding="utf-8"?>
<Project ToolsVersion="4.0" xmlns="http://schemas.microsoft.com/developer/msbuild/2003">
  <ItemGroup>
    <Filter Include="ソース ファイル">
      <UniqueIdentifier>{4FC737F1-C7A5-4376-A066-2A32D752A2FF}</UniqueIdentifier>
      <Extensions>cpp;c;cc;cxx;c++;cppm;ixx;def;odl;idl;hpj;bat;asm;asmx</Extensions>
    </Filter>
    <Filter Include="ソース ファイル\Scene">
      <UniqueIdentifier>{8631232d-b645-468c-9469-0927b74e0dd4}</UniqueIdentifier>
    </Filter>
    <Filter Include="ソース ファイル\Math">
      <UniqueIdentifier>{8c134295-6bc7-4d75-9772-f3f2212d58a9}</UniqueIdentifier>
    </Filter>
    <Filter Include="ソース ファイル\GameObject">
      <UniqueIdentifier>{8351c1c6-9371-4955-8d4e-e5660e4e850d}</UniqueIdentifier>
    </Filter>
    <Filter Include="ソース ファイル\Collision">
      <UniqueIdentifier>{8f1f9c6a-ff82-4ff7-9348-88462d00639c}</UniqueIdentifier>
    </Filter>
    <Filter Include="ソース ファイル\Manager">
      <UniqueIdentifier>{f6cb2191-b0b5-4273-9e5b-7a74ee7263f9}</UniqueIdentifier>
    </Filter>
    <Filter Include="ソース ファイル\GameObject\Enemy">
      <UniqueIdentifier>{7deba56c-6a42-4209-b8c2-69f7d6923874}</UniqueIdentifier>
    </Filter>
    <Filter Include="ソース ファイル\GameObject\Player">
      <UniqueIdentifier>{98c34548-3745-474a-9ada-eeb18d9f08ec}</UniqueIdentifier>
    </Filter>
    <Filter Include="ソース ファイル\Stage">
      <UniqueIdentifier>{43b5acf3-e9a8-4b8a-ae56-378c07b14a04}</UniqueIdentifier>
    </Filter>
    <Filter Include="ソース ファイル\Shake">
      <UniqueIdentifier>{da582fd5-ede1-45a3-bc1a-d43a87ccf6b0}</UniqueIdentifier>
    </Filter>
    <Filter Include="ソース ファイル\UI">
      <UniqueIdentifier>{e1b171ca-23eb-4f28-81d8-1780c618a887}</UniqueIdentifier>
    </Filter>
    <Filter Include="ソース ファイル\GameObject\Flag">
      <UniqueIdentifier>{88035554-2a3d-4469-b9fd-aef65dea2f69}</UniqueIdentifier>
    </Filter>
    <Filter Include="ソース ファイル\Pad">
      <UniqueIdentifier>{02319c0e-81de-496f-aab5-8ea23d147e26}</UniqueIdentifier>
    </Filter>
  </ItemGroup>
  <ItemGroup>
    <ClCompile Include="Scene\Play.cpp">
      <Filter>ソース ファイル\Scene</Filter>
    </ClCompile>
    <ClCompile Include="Scene\Result.cpp">
      <Filter>ソース ファイル\Scene</Filter>
    </ClCompile>
    <ClCompile Include="Scene\SceneBase.cpp">
      <Filter>ソース ファイル\Scene</Filter>
    </ClCompile>
    <ClCompile Include="Scene\Title.cpp">
      <Filter>ソース ファイル\Scene</Filter>
    </ClCompile>
    <ClCompile Include="GameObject\GameObj.cpp">
      <Filter>ソース ファイル\GameObject</Filter>
    </ClCompile>
    <ClCompile Include="GameObject\Enemy\Bat.cpp">
      <Filter>ソース ファイル\GameObject\Enemy</Filter>
    </ClCompile>
    <ClCompile Include="GameObject\Enemy\Golem.cpp">
      <Filter>ソース ファイル\GameObject\Enemy</Filter>
    </ClCompile>
    <ClCompile Include="GameObject\Enemy\Slime.cpp">
      <Filter>ソース ファイル\GameObject\Enemy</Filter>
    </ClCompile>
    <ClCompile Include="GameObject\Enemy\Monster.cpp">
      <Filter>ソース ファイル\GameObject\Enemy</Filter>
    </ClCompile>
    <ClCompile Include="Manager\BulletMgr.cpp">
      <Filter>ソース ファイル\Manager</Filter>
    </ClCompile>
    <ClCompile Include="Manager\GameObjMgr.cpp">
      <Filter>ソース ファイル\Manager</Filter>
    </ClCompile>
    <ClCompile Include="Manager\MonsterMgr.cpp">
      <Filter>ソース ファイル\Manager</Filter>
    </ClCompile>
    <ClCompile Include="GameObject\Player\Bullet.cpp">
      <Filter>ソース ファイル\GameObject\Player</Filter>
    </ClCompile>
    <ClCompile Include="GameObject\Player\BulletDummy.cpp">
      <Filter>ソース ファイル\GameObject\Player</Filter>
    </ClCompile>
    <ClCompile Include="GameObject\Player\Player.cpp">
      <Filter>ソース ファイル\GameObject\Player</Filter>
    </ClCompile>
    <ClCompile Include="Collision\Collision.cpp">
      <Filter>ソース ファイル\Collision</Filter>
    </ClCompile>
    <ClCompile Include="Math\Math.cpp">
      <Filter>ソース ファイル\Math</Filter>
    </ClCompile>
    <ClCompile Include="Stage\Background.cpp">
      <Filter>ソース ファイル\Stage</Filter>
    </ClCompile>
    <ClCompile Include="Stage\Map.cpp">
      <Filter>ソース ファイル\Stage</Filter>
    </ClCompile>
    <ClCompile Include="Stage\SkeltonBlock.cpp">
      <Filter>ソース ファイル\Stage</Filter>
    </ClCompile>
    <ClCompile Include="Stage\Scroll.cpp">
      <Filter>ソース ファイル\Stage</Filter>
    </ClCompile>
    <ClCompile Include="Manager\KeyMgr.cpp">
      <Filter>ソース ファイル\Manager</Filter>
    </ClCompile>
    <ClCompile Include="Collision\MapCollision.cpp">
      <Filter>ソース ファイル\Collision</Filter>
    </ClCompile>
    <ClCompile Include="GameObject\Enemy\Skeleton.cpp">
      <Filter>ソース ファイル\GameObject\Enemy</Filter>
    </ClCompile>
    <ClCompile Include="main.cpp" />
    <ClCompile Include="ShakeMgr.cpp">
      <Filter>ソース ファイル\Manager</Filter>
    </ClCompile>
    <ClCompile Include="Manager\EffectMgr.cpp">
      <Filter>ソース ファイル\Manager</Filter>
    </ClCompile>
    <ClCompile Include="UI.cpp">
      <Filter>ソース ファイル\UI</Filter>
    </ClCompile>
    <ClCompile Include="GameObject\Flag\Flag.cpp">
      <Filter>ソース ファイル\GameObject\Flag</Filter>
    </ClCompile>
    <ClCompile Include="Pad\Pad.cpp">
      <Filter>ソース ファイル\Pad</Filter>
    </ClCompile>
  </ItemGroup>
  <ItemGroup>
    <ClInclude Include="Scene\Play.h">
      <Filter>ソース ファイル\Scene</Filter>
    </ClInclude>
    <ClInclude Include="Scene\Result.h">
      <Filter>ソース ファイル\Scene</Filter>
    </ClInclude>
    <ClInclude Include="Scene\SceneBase.h">
      <Filter>ソース ファイル\Scene</Filter>
    </ClInclude>
    <ClInclude Include="Scene\Title.h">
      <Filter>ソース ファイル\Scene</Filter>
    </ClInclude>
    <ClInclude Include="GameObject\GameObj.h">
      <Filter>ソース ファイル\GameObject</Filter>
    </ClInclude>
    <ClInclude Include="GameObject\ObjTag.h">
      <Filter>ソース ファイル\GameObject</Filter>
    </ClInclude>
    <ClInclude Include="GameObject\Enemy\Bat.h">
      <Filter>ソース ファイル\GameObject\Enemy</Filter>
    </ClInclude>
    <ClInclude Include="GameObject\Enemy\Golem.h">
      <Filter>ソース ファイル\GameObject\Enemy</Filter>
    </ClInclude>
    <ClInclude Include="GameObject\Enemy\Slime.h">
      <Filter>ソース ファイル\GameObject\Enemy</Filter>
    </ClInclude>
    <ClInclude Include="GameObject\Enemy\Monster.h">
      <Filter>ソース ファイル\GameObject\Enemy</Filter>
    </ClInclude>
    <ClInclude Include="Manager\BulletMgr.h">
      <Filter>ソース ファイル\Manager</Filter>
    </ClInclude>
    <ClInclude Include="Manager\GameObjMgr.h">
      <Filter>ソース ファイル\Manager</Filter>
    </ClInclude>
    <ClInclude Include="Manager\MonsterMgr.h">
      <Filter>ソース ファイル\Manager</Filter>
    </ClInclude>
    <ClInclude Include="GameObject\Player\Bullet.h">
      <Filter>ソース ファイル\GameObject\Player</Filter>
    </ClInclude>
    <ClInclude Include="GameObject\Player\BulletDummy.h">
      <Filter>ソース ファイル\GameObject\Player</Filter>
    </ClInclude>
    <ClInclude Include="GameObject\Player\Player.h">
      <Filter>ソース ファイル\GameObject\Player</Filter>
    </ClInclude>
    <ClInclude Include="Collision\Collision.h">
      <Filter>ソース ファイル\Collision</Filter>
    </ClInclude>
    <ClInclude Include="Math\Math.h">
      <Filter>ソース ファイル\Math</Filter>
    </ClInclude>
    <ClInclude Include="Stage\Background.h">
      <Filter>ソース ファイル\Stage</Filter>
    </ClInclude>
    <ClInclude Include="Stage\Map.h">
      <Filter>ソース ファイル\Stage</Filter>
    </ClInclude>
    <ClInclude Include="Stage\SkeltonBlock.h">
      <Filter>ソース ファイル\Stage</Filter>
    </ClInclude>
    <ClInclude Include="Stage\Scroll.h">
      <Filter>ソース ファイル\Stage</Filter>
    </ClInclude>
    <ClInclude Include="Manager\KeyMgr.h">
      <Filter>ソース ファイル\Manager</Filter>
    </ClInclude>
    <ClInclude Include="Collision\MapCollision.h">
      <Filter>ソース ファイル\Collision</Filter>
    </ClInclude>
    <ClInclude Include="GameObject\Enemy\Skeleton.h">
      <Filter>ソース ファイル\GameObject\Enemy</Filter>
    </ClInclude>
    <ClInclude Include="ShakeMgr.h">
      <Filter>ソース ファイル\Manager</Filter>
    </ClInclude>
    <ClInclude Include="Manager\EffectMgr.h">
      <Filter>ソース ファイル\Manager</Filter>
    </ClInclude>
    <ClInclude Include="UI.h">
      <Filter>ソース ファイル\UI</Filter>
    </ClInclude>
    <ClInclude Include="GameObject\Flag\Flag.h">
      <Filter>ソース ファイル\GameObject\Flag</Filter>
    </ClInclude>
    <ClInclude Include="Pad\Pad.h">
      <Filter>ソース ファイル\Pad</Filter>
    </ClInclude>
  </ItemGroup>
</Project>